// !$*UTF8*$!
{
	archiveVersion = 1;
	classes = {
	};
	objectVersion = 46;
	objects = {

/* Begin PBXBuildFile section */
		97F31DEB1E38852A0005AE21 /* AppDelegate.swift in Sources */ = {isa = PBXBuildFile; fileRef = 97F31DEA1E38852A0005AE21 /* AppDelegate.swift */; };
		97F31DED1E38852A0005AE21 /* ViewController.swift in Sources */ = {isa = PBXBuildFile; fileRef = 97F31DEC1E38852A0005AE21 /* ViewController.swift */; };
		97F31DF01E38852A0005AE21 /* Main.storyboard in Resources */ = {isa = PBXBuildFile; fileRef = 97F31DEE1E38852A0005AE21 /* Main.storyboard */; };
		97F31DF21E38852A0005AE21 /* Assets.xcassets in Resources */ = {isa = PBXBuildFile; fileRef = 97F31DF11E38852A0005AE21 /* Assets.xcassets */; };
		97F31DF51E38852A0005AE21 /* LaunchScreen.storyboard in Resources */ = {isa = PBXBuildFile; fileRef = 97F31DF31E38852A0005AE21 /* LaunchScreen.storyboard */; };
/* End PBXBuildFile section */

/* Begin PBXFileReference section */
		97F31DE71E38852A0005AE21 /* SwiftAppOne.app */ = {isa = PBXFileReference; explicitFileType = wrapper.application; includeInIndex = 0; path = SwiftAppOne.app; sourceTree = BUILT_PRODUCTS_DIR; };
		97F31DEA1E38852A0005AE21 /* AppDelegate.swift */ = {isa = PBXFileReference; lastKnownFileType = sourcecode.swift; path = AppDelegate.swift; sourceTree = "<group>"; };
		97F31DEC1E38852A0005AE21 /* ViewController.swift */ = {isa = PBXFileReference; lastKnownFileType = sourcecode.swift; path = ViewController.swift; sourceTree = "<group>"; };
		97F31DEF1E38852A0005AE21 /* Base */ = {isa = PBXFileReference; lastKnownFileType = file.storyboard; name = Base; path = Base.lproj/Main.storyboard; sourceTree = "<group>"; };
		97F31DF11E38852A0005AE21 /* Assets.xcassets */ = {isa = PBXFileReference; lastKnownFileType = folder.assetcatalog; path = Assets.xcassets; sourceTree = "<group>"; };
		97F31DF41E38852A0005AE21 /* Base */ = {isa = PBXFileReference; lastKnownFileType = file.storyboard; name = Base; path = Base.lproj/LaunchScreen.storyboard; sourceTree = "<group>"; };
		97F31DF61E38852A0005AE21 /* Info.plist */ = {isa = PBXFileReference; lastKnownFileType = text.plist.xml; path = Info.plist; sourceTree = "<group>"; };
/* End PBXFileReference section */

/* Begin PBXFrameworksBuildPhase section */
		97F31DE41E3885290005AE21 /* Frameworks */ = {
			isa = PBXFrameworksBuildPhase;
			buildActionMask = 2147483647;
			files = (
			);
			runOnlyForDeploymentPostprocessing = 0;
		};
/* End PBXFrameworksBuildPhase section */

/* Begin PBXGroup section */
		97F31DDE1E3885290005AE21 = {
			isa = PBXGroup;
			children = (
				97F31DE91E38852A0005AE21 /* SwiftAppOne */,
				97F31DE81E38852A0005AE21 /* Products */,
			);
			sourceTree = "<group>";
		};
		97F31DE81E38852A0005AE21 /* Products */ = {
			isa = PBXGroup;
			children = (
				97F31DE71E38852A0005AE21 /* SwiftAppOne.app */,
			);
			name = Products;
			sourceTree = "<group>";
		};
		97F31DE91E38852A0005AE21 /* SwiftAppOne */ = {
			isa = PBXGroup;
			children = (
				97F31DEA1E38852A0005AE21 /* AppDelegate.swift */,
				97F31DEC1E38852A0005AE21 /* ViewController.swift */,
				97F31DEE1E38852A0005AE21 /* Main.storyboard */,
				97F31DF11E38852A0005AE21 /* Assets.xcassets */,
				97F31DF31E38852A0005AE21 /* LaunchScreen.storyboard */,
				97F31DF61E38852A0005AE21 /* Info.plist */,
			);
			path = SwiftAppOne;
			sourceTree = "<group>";
		};
/* End PBXGroup section */

/* Begin PBXNativeTarget section */
		97F31DE61E3885290005AE21 /* SwiftAppOne */ = {
			isa = PBXNativeTarget;
			buildConfigurationList = 97F31DF91E38852A0005AE21 /* Build configuration list for PBXNativeTarget "SwiftAppOne" */;
			buildPhases = (
				97F31DE31E3885290005AE21 /* Sources */,
				97F31DE41E3885290005AE21 /* Frameworks */,
				97F31DE51E3885290005AE21 /* Resources */,
			);
			buildRules = (
			);
			dependencies = (
			);
			name = SwiftAppOne;
			productName = SwiftAppOne;
			productReference = 97F31DE71E38852A0005AE21 /* SwiftAppOne.app */;
			productType = "com.apple.product-type.application";
		};
/* End PBXNativeTarget section */

/* Begin PBXProject section */
		97F31DDF1E3885290005AE21 /* Project object */ = {
			isa = PBXProject;
			attributes = {
				LastSwiftUpdateCheck = 0820;
				LastUpgradeCheck = 0820;
				ORGANIZATIONNAME = "JINGYA HAN";
				TargetAttributes = {
					97F31DE61E3885290005AE21 = {
						CreatedOnToolsVersion = 8.2.1;
						ProvisioningStyle = Automatic;
					};
				};
			};
			buildConfigurationList = 97F31DE21E3885290005AE21 /* Build configuration list for PBXProject "SwiftAppOne" */;
			compatibilityVersion = "Xcode 3.2";
			developmentRegion = English;
			hasScannedForEncodings = 0;
			knownRegions = (
				en,
				Base,
			);
			mainGroup = 97F31DDE1E3885290005AE21;
			productRefGroup = 97F31DE81E38852A0005AE21 /* Products */;
			projectDirPath = "";
			projectRoot = "";
			targets = (
				97F31DE61E3885290005AE21 /* SwiftAppOne */,
			);
		};
/* End PBXProject section */

/* Begin PBXResourcesBuildPhase section */
		97F31DE51E3885290005AE21 /* Resources */ = {
			isa = PBXResourcesBuildPhase;
			buildActionMask = 2147483647;
			files = (
				97F31DF51E38852A0005AE21 /* LaunchScreen.storyboard in Resources */,
				97F31DF21E38852A0005AE21 /* Assets.xcassets in Resources */,
				97F31DF01E38852A0005AE21 /* Main.storyboard in Resources */,
			);
			runOnlyForDeploymentPostprocessing = 0;
		};
/* End PBXResourcesBuildPhase section */

/* Begin PBXSourcesBuildPhase section */
		97F31DE31E3885290005AE21 /* Sources */ = {
			isa = PBXSourcesBuildPhase;
			buildActionMask = 2147483647;
			files = (
				97F31DED1E38852A0005AE21 /* ViewController.swift in Sources */,
				97F31DEB1E38852A0005AE21 /* AppDelegate.swift in Sources */,
			);
			runOnlyForDeploymentPostprocessing = 0;
		};
/* End PBXSourcesBuildPhase section */

/* Begin PBXVariantGroup section */
		97F31DEE1E38852A0005AE21 /* Main.storyboard */ = {
			isa = PBXVariantGroup;
			children = (
				97F31DEF1E38852A0005AE21 /* Base */,
			);
			name = Main.storyboard;
			sourceTree = "<group>";
		};
		97F31DF31E38852A0005AE21 /* LaunchScreen.storyboard */ = {
			isa = PBXVariantGroup;
			children = (
				97F31DF41E38852A0005AE21 /* Base */,
			);
			name = LaunchScreen.storyboard;
			sourceTree = "<group>";
		};
/* End PBXVariantGroup section */

/* Begin XCBuildConfiguration section */
		97F31DF71E38852A0005AE21 /* Debug */ = {
			isa = XCBuildConfiguration;
			buildSettings = {
				ALWAYS_SEARCH_USER_PATHS = NO;
				CLANG_ANALYZER_NONNULL = YES;
				CLANG_CXX_LANGUAGE_STANDARD = "gnu++0x";
				CLANG_CXX_LIBRARY = "libc++";
				CLANG_ENABLE_MODULES = YES;
				CLANG_ENABLE_OBJC_ARC = YES;
				CLANG_WARN_BOOL_CONVERSION = YES;
				CLANG_WARN_CONSTANT_CONVERSION = YES;
				CLANG_WARN_DIRECT_OBJC_ISA_USAGE = YES_ERROR;
				CLANG_WARN_DOCUMENTATION_COMMENTS = YES;
				CLANG_WARN_EMPTY_BODY = YES;
				CLANG_WARN_ENUM_CONVERSION = YES;
				CLANG_WARN_INFINITE_RECURSION = YES;
				CLANG_WARN_INT_CONVERSION = YES;
				CLANG_WARN_OBJC_ROOT_CLASS = YES_ERROR;
				CLANG_WARN_SUSPICIOUS_MOVE = YES;
				CLANG_WARN_UNREACHABLE_CODE = YES;
				CLANG_WARN__DUPLICATE_METHOD_MATCH = YES;
				"CODE_SIGN_IDENTITY[sdk=iphoneos*]" = "iPhone Developer";
				COPY_PHASE_STRIP = NO;
				DEBUG_INFORMATION_FORMAT = dwarf;
				ENABLE_STRICT_OBJC_MSGSEND = YES;
				ENABLE_TESTABILITY = YES;
				GCC_C_LANGUAGE_STANDARD = gnu99;
				GCC_DYNAMIC_NO_PIC = NO;
				GCC_NO_COMMON_BLOCKS = YES;
				GCC_OPTIMIZATION_LEVEL = 0;
				GCC_PREPROCESSOR_DEFINITIONS = (
					"DEBUG=1",
					"$(inherited)",
				);
				GCC_WARN_64_TO_32_BIT_CONVERSION = YES;
				GCC_WARN_ABOUT_RETURN_TYPE = YES_ERROR;
				GCC_WARN_UNDECLARED_SELECTOR = YES;
				GCC_WARN_UNINITIALIZED_AUTOS = YES_AGGRESSIVE;
				GCC_WARN_UNUSED_FUNCTION = YES;
				GCC_WARN_UNUSED_VARIABLE = YES;
				IPHONEOS_DEPLOYMENT_TARGET = 10.2;
				MTL_ENABLE_DEBUG_INFO = YES;
				ONLY_ACTIVE_ARCH = YES;
				SDKROOT = iphoneos;
				SWIFT_ACTIVE_COMPILATION_CONDITIONS = DEBUG;
				SWIFT_OPTIMIZATION_LEVEL = "-Onone";
				TARGETED_DEVICE_FAMILY = "1,2";
			};
			name = Debug;
		};
		97F31DF81E38852A0005AE21 /* Release */ = {
			isa = XCBuildConfiguration;
			buildSettings = {
				ALWAYS_SEARCH_USER_PATHS = NO;
				CLANG_ANALYZER_NONNULL = YES;
				CLANG_CXX_LANGUAGE_STANDARD = "gnu++0x";
				CLANG_CXX_LIBRARY = "libc++";
				CLANG_ENABLE_MODULES = YES;
				CLANG_ENABLE_OBJC_ARC = YES;
				CLANG_WARN_BOOL_CONVERSION = YES;
				CLANG_WARN_CONSTANT_CONVERSION = YES;
				CLANG_WARN_DIRECT_OBJC_ISA_USAGE = YES_ERROR;
				CLANG_WARN_DOCUMENTATION_COMMENTS = YES;
				CLANG_WARN_EMPTY_BODY = YES;
				CLANG_WARN_ENUM_CONVERSION = YES;
				CLANG_WARN_INFINITE_RECURSION = YES;
				CLANG_WARN_INT_CONVERSION = YES;
				CLANG_WARN_OBJC_ROOT_CLASS = YES_ERROR;
				CLANG_WARN_SUSPICIOUS_MOVE = YES;
				CLANG_WARN_UNREACHABLE_CODE = YES;
				CLANG_WARN__DUPLICATE_METHOD_MATCH = YES;
				"CODE_SIGN_IDENTITY[sdk=iphoneos*]" = "iPhone Developer";
				COPY_PHASE_STRIP = NO;
				DEBUG_INFORMATION_FORMAT = "dwarf-with-dsym";
				ENABLE_NS_ASSERTIONS = NO;
				ENABLE_STRICT_OBJC_MSGSEND = YES;
				GCC_C_LANGUAGE_STANDARD = gnu99;
				GCC_NO_COMMON_BLOCKS = YES;
				GCC_WARN_64_TO_32_BIT_CONVERSION = YES;
				GCC_WARN_ABOUT_RETURN_TYPE = YES_ERROR;
				GCC_WARN_UNDECLARED_SELECTOR = YES;
				GCC_WARN_UNINITIALIZED_AUTOS = YES_AGGRESSIVE;
				GCC_WARN_UNUSED_FUNCTION = YES;
				GCC_WARN_UNUSED_VARIABLE = YES;
				IPHONEOS_DEPLOYMENT_TARGET = 10.2;
				MTL_ENABLE_DEBUG_INFO = NO;
				SDKROOT = iphoneos;
				SWIFT_OPTIMIZATION_LEVEL = "-Owholemodule";
				TARGETED_DEVICE_FAMILY = "1,2";
				VALIDATE_PRODUCT = YES;
			};
			name = Release;
		};
		97F31DFA1E38852A0005AE21 /* Debug */ = {
			isa = XCBuildConfiguration;
			buildSettings = {
				ASSETCATALOG_COMPILER_APPICON_NAME = AppIcon;
				INFOPLIST_FILE = SwiftAppOne/Info.plist;
				LD_RUNPATH_SEARCH_PATHS = "$(inherited) @executable_path/Frameworks";
				PRODUCT_BUNDLE_IDENTIFIER = h.SwiftAppOne;
				PRODUCT_NAME = "$(TARGET_NAME)";
				SWIFT_VERSION = 3.0;
			};
			name = Debug;
		};
		97F31DFB1E38852A0005AE21 /* Release */ = {
			isa = XCBuildConfiguration;
			buildSettings = {
				ASSETCATALOG_COMPILER_APPICON_NAME = AppIcon;
				INFOPLIST_FILE = SwiftAppOne/Info.plist;
				LD_RUNPATH_SEARCH_PATHS = "$(inherited) @executable_path/Frameworks";
				PRODUCT_BUNDLE_IDENTIFIER = h.SwiftAppOne;
				PRODUCT_NAME = "$(TARGET_NAME)";
				SWIFT_VERSION = 3.0;
			};
			name = Release;
		};
/* End XCBuildConfiguration section */

/* Begin XCConfigurationList section */
		97F31DE21E3885290005AE21 /* Build configuration list for PBXProject "SwiftAppOne" */ = {
			isa = XCConfigurationList;
			buildConfigurations = (
				97F31DF71E38852A0005AE21 /* Debug */,
				97F31DF81E38852A0005AE21 /* Release */,
			);
			defaultConfigurationIsVisible = 0;
			defaultConfigurationName = Release;
		};
		97F31DF91E38852A0005AE21 /* Build configuration list for PBXNativeTarget "SwiftAppOne" */ = {
			isa = XCConfigurationList;
			buildConfigurations = (
				97F31DFA1E38852A0005AE21 /* Debug */,
				97F31DFB1E38852A0005AE21 /* Release */,
			);
			defaultConfigurationIsVisible = 0;
		};
/* End XCConfigurationList section */
	};
	rootObject = 97F31DDF1E3885290005AE21 /* Project object */;
}
